
Microsoft Visual Studio Solution File, Format Version 12.00
# Visual Studio Version 17
VisualStudioVersion = 17.12.35707.178
MinimumVisualStudioVersion = 10.0.40219.1
Project("{2150E333-8FDC-42A3-9474-1A3956D46DE8}") = "ShopManagement", "ShopManagement", "{9CAF2433-8D41-4708-974A-5059022579FB}"
EndProject
Project("{2150E333-8FDC-42A3-9474-1A3956D46DE8}") = "SM.Domain", "SM.Domain", "{7680B06C-25A8-4C92-8C85-88D2A6F99E02}"
EndProject
Project("{FAE04EC0-301F-11D3-BF4B-00C04F79EFBC}") = "ShopManagement.Domain", "ShopManagement.Domain\ShopManagement.Domain.csproj", "{3421272A-C3BF-451F-98E8-C18E2195F7DB}"
EndProject
Project("{FAE04EC0-301F-11D3-BF4B-00C04F79EFBC}") = "0_Framework", "0_Framework\0_Framework.csproj", "{7268A779-EA69-4760-A2A1-B825B59F90C8}"
EndProject
Project("{2150E333-8FDC-42A3-9474-1A3956D46DE8}") = "SM.Application", "SM.Application", "{D6284806-424A-48E7-BB5C-6D098A46F31B}"
EndProject
Project("{FAE04EC0-301F-11D3-BF4B-00C04F79EFBC}") = "ShopManagement.Application.Contracts", "ShopManagement.Application.Contracts\ShopManagement.Application.Contracts.csproj", "{7899153F-40C8-48BB-A889-1BD470CF7D29}"
EndProject
Project("{FAE04EC0-301F-11D3-BF4B-00C04F79EFBC}") = "ShopManagement.Application", "ShopManagement.Application\ShopManagement.Application.csproj", "{C1EE0EFA-10D8-4860-851D-35D2AAA2C7B9}"
EndProject
Project("{2150E333-8FDC-42A3-9474-1A3956D46DE8}") = "SM.Infrastructure", "SM.Infrastructure", "{0B094472-DCE5-4597-8CAE-09E6A8F8E91F}"
EndProject
Project("{FAE04EC0-301F-11D3-BF4B-00C04F79EFBC}") = "ShopManagement.Infrastructure.EFCore", "ShopManagement.Infrastructure.EFCore\ShopManagement.Infrastructure.EFCore.csproj", "{FD27A889-D092-4EC8-9ADE-95C4AAFE604B}"
EndProject
Project("{FAE04EC0-301F-11D3-BF4B-00C04F79EFBC}") = "ShopManagement.Configuration", "ShopManagement.Configuration\ShopManagement.Configuration.csproj", "{7DF923D3-A748-4A32-8657-33F0F155A04E}"
EndProject
Project("{FAE04EC0-301F-11D3-BF4B-00C04F79EFBC}") = "ServiceHost", "ServiceHost\ServiceHost.csproj", "{F3ABB665-9F41-4B51-A146-54BB7695CCC9}"
EndProject
Project("{FAE04EC0-301F-11D3-BF4B-00C04F79EFBC}") = "01_LampshadeQuery", "01_LampshadeQuery\01_LampshadeQuery.csproj", "{FCFA25D0-6A07-4A25-B74C-454C786C8F81}"
EndProject
Project("{2150E333-8FDC-42A3-9474-1A3956D46DE8}") = "DiscountManagement", "DiscountManagement", "{E5B3A936-EB67-4FCC-A7A2-9F2E7EB5CC67}"
EndProject
Project("{2150E333-8FDC-42A3-9474-1A3956D46DE8}") = "DM.Domain", "DM.Domain", "{7F028D8A-3D51-4913-BBCC-96FC46C32D68}"
EndProject
Project("{2150E333-8FDC-42A3-9474-1A3956D46DE8}") = "DM.Application", "DM.Application", "{65539750-B995-4A38-80FB-B3B4FC1D5311}"
EndProject
Project("{2150E333-8FDC-42A3-9474-1A3956D46DE8}") = "DM.Infrastructure", "DM.Infrastructure", "{FA6956AE-59A3-44F7-90EB-923C0582E459}"
EndProject
Project("{FAE04EC0-301F-11D3-BF4B-00C04F79EFBC}") = "DiscountManagement.Domain", "DiscountManagement.Domain\DiscountManagement.Domain.csproj", "{0A942EE9-D297-44E5-BDEF-993751CDD98A}"
EndProject
Project("{FAE04EC0-301F-11D3-BF4B-00C04F79EFBC}") = "DiscountManagement.Application", "DiscountManagement.Application\DiscountManagement.Application.csproj", "{E93926F2-CE2F-42C3-94A6-74441C9DF208}"
EndProject
Project("{FAE04EC0-301F-11D3-BF4B-00C04F79EFBC}") = "DiscountManagement.Infrastructure.EFCore", "DiscountManagement.Infrastructure.EFCore\DiscountManagement.Infrastructure.EFCore.csproj", "{30D35B47-684D-4334-BFAC-077A56AE7DCD}"
EndProject
Project("{FAE04EC0-301F-11D3-BF4B-00C04F79EFBC}") = "DiscountManagement.Configuration", "DiscountManagement.Configuration\DiscountManagement.Configuration.csproj", "{F211F1D0-9690-492D-B4AB-E3C8B03DFDB0}"
EndProject
Project("{2150E333-8FDC-42A3-9474-1A3956D46DE8}") = "InventoryManagement", "InventoryManagement", "{02EA681E-C7D8-13C7-8484-4AC65E1B71E8}"
EndProject
Project("{2150E333-8FDC-42A3-9474-1A3956D46DE8}") = "IM.Domain", "IM.Domain", "{1FD15CEC-596F-4AC4-9A58-8A322A1AC27A}"
EndProject
Project("{FAE04EC0-301F-11D3-BF4B-00C04F79EFBC}") = "InventoryManagement.Domain", "InventoryManagement.Domain\InventoryManagement.Domain.csproj", "{129A3238-BF71-48D4-BB85-E2D552B0E7A8}"
EndProject
Project("{2150E333-8FDC-42A3-9474-1A3956D46DE8}") = "IM.Application", "IM.Application", "{4C9A1D84-3680-414B-8F15-D876DDE7CED6}"
EndProject
Project("{FAE04EC0-301F-11D3-BF4B-00C04F79EFBC}") = "InventoryManagement.Application", "InventoryManagement.Application\InventoryManagement.Application.csproj", "{5232204C-41E2-44D1-B632-B0C074F86EB5}"
EndProject
Project("{FAE04EC0-301F-11D3-BF4B-00C04F79EFBC}") = "InventoryManagement.Application.Contracts", "InventoryManagement.Application.Contracts\InventoryManagement.Application.Contracts.csproj", "{DB0D03A7-0F66-4762-B215-26C40F889A24}"
EndProject
Project("{FAE04EC0-301F-11D3-BF4B-00C04F79EFBC}") = "DiscountManagement.Application.Contracts", "DiscountManagement.Application.Contracts\DiscountManagement.Application.Contracts.csproj", "{5431EE09-7803-4D7B-80CF-92C2827308BC}"
EndProject
Project("{2150E333-8FDC-42A3-9474-1A3956D46DE8}") = "IM.Infrastructure", "IM.Infrastructure", "{68BC7B1C-8901-442B-95A6-3C69FE6B3C9F}"
EndProject
Project("{FAE04EC0-301F-11D3-BF4B-00C04F79EFBC}") = "InventoryManagement.Infrastructure.EFCore", "InventoryManagement.Infrastructure.EFCore\InventoryManagement.Infrastructure.EFCore.csproj", "{328FD7D1-A909-4E59-83B0-3B83C47E91BC}"
EndProject
Project("{FAE04EC0-301F-11D3-BF4B-00C04F79EFBC}") = "InventoryManagement.Configuration", "InventoryManagement.Configuration\InventoryManagement.Configuration.csproj", "{97EE8AE6-8E8B-4367-A41D-700AB1446D83}"
EndProject
Project("{2150E333-8FDC-42A3-9474-1A3956D46DE8}") = "CommentManagement", "CommentManagement", "{29454693-F4FB-4C90-B062-50D93D0E5365}"
EndProject
Project("{2150E333-8FDC-42A3-9474-1A3956D46DE8}") = "CM.Domain", "CM.Domain", "{997D7C70-8296-4379-8B51-1F86E43AEFAC}"
EndProject
Project("{2150E333-8FDC-42A3-9474-1A3956D46DE8}") = "CM.Application", "CM.Application", "{7F918E9E-5B48-462B-A617-215FCECBD124}"
EndProject
Project("{2150E333-8FDC-42A3-9474-1A3956D46DE8}") = "CM.Infrastructure", "CM.Infrastructure", "{635973EE-AF6E-4A2F-B562-19653AEB4D30}"
EndProject
Project("{FAE04EC0-301F-11D3-BF4B-00C04F79EFBC}") = "CommentManagement.Domain", "CommentManagement.Domain\CommentManagement.Domain.csproj", "{0DA02442-2B13-46E8-9309-543620BFFF7C}"
EndProject
Project("{FAE04EC0-301F-11D3-BF4B-00C04F79EFBC}") = "CommentManagement.Application.Contracts", "CommentManagement.Application.Contracts\CommentManagement.Application.Contracts.csproj", "{42535E0C-27AB-443A-B293-49B9BFDB8511}"
EndProject
Project("{FAE04EC0-301F-11D3-BF4B-00C04F79EFBC}") = "CommentManagement.Application", "CommentManagement.Application\CommentManagement.Application.csproj", "{33B20550-1AFA-44FA-B267-5AB628CA2F2A}"
EndProject
Project("{FAE04EC0-301F-11D3-BF4B-00C04F79EFBC}") = "CommnetManagement.Infrastructure.EFCore", "CommnetManagement.Infrastructure.EFCore\CommnetManagement.Infrastructure.EFCore.csproj", "{62D867F0-6DD4-48DF-BBFB-FC2F5606DAC6}"
EndProject
Project("{2150E333-8FDC-42A3-9474-1A3956D46DE8}") = "BlogManagement", "BlogManagement", "{FF1C497C-3E46-4039-B8F6-55457E5A1E88}"
EndProject
Project("{2150E333-8FDC-42A3-9474-1A3956D46DE8}") = "BM.Domain", "BM.Domain", "{A71B49E1-CAE0-4A7D-8DA6-40A10E2A1937}"
EndProject
Project("{2150E333-8FDC-42A3-9474-1A3956D46DE8}") = "BM.Application", "BM.Application", "{CC44C351-51CA-4E18-86EE-9FD56DBFA1C7}"
EndProject
Project("{2150E333-8FDC-42A3-9474-1A3956D46DE8}") = "BM.Infrastructure", "BM.Infrastructure", "{D3CF6BD8-A322-4B5C-9BD8-3899B9B1F82F}"
EndProject
Project("{FAE04EC0-301F-11D3-BF4B-00C04F79EFBC}") = "BlogManagement.Domain", "BlogManagement.Domain\BlogManagement.Domain.csproj", "{6F9B1512-CBAE-4BFB-A0A1-9864C75CC422}"
EndProject
Project("{FAE04EC0-301F-11D3-BF4B-00C04F79EFBC}") = "BlogManagement.Application.Contracts", "BlogManagement.Application.Contracts\BlogManagement.Application.Contracts.csproj", "{293FA41B-426C-4122-8A0C-A3A3B187E611}"
EndProject
Project("{FAE04EC0-301F-11D3-BF4B-00C04F79EFBC}") = "BlogManagement.Application", "BlogManagement.Application\BlogManagement.Application.csproj", "{C61EEAF9-F722-4468-AA21-158F64C113CB}"
EndProject
Project("{FAE04EC0-301F-11D3-BF4B-00C04F79EFBC}") = "BlogManagement.Infrastructure.EFCore", "BlogManagement.Infrastructure.EFCore\BlogManagement.Infrastructure.EFCore.csproj", "{93D0577E-82FB-4838-99D6-6EE1EB9F3C97}"
EndProject
Project("{2150E333-8FDC-42A3-9474-1A3956D46DE8}") = "AccountManagement", "AccountManagement", "{1810B8E6-E568-4060-BFAA-F2882528CC8A}"
EndProject
Project("{2150E333-8FDC-42A3-9474-1A3956D46DE8}") = "AM.Domain", "AM.Domain", "{E626204B-8B32-42EB-BBF6-3775A8F1A635}"
EndProject
Project("{FAE04EC0-301F-11D3-BF4B-00C04F79EFBC}") = "AccountManagement.Domain", "AccountManagement.Domain\AccountManagement.Domain.csproj", "{D85B75D0-4450-41A0-9A00-40AD53B4671F}"
EndProject
Project("{2150E333-8FDC-42A3-9474-1A3956D46DE8}") = "AM.Application", "AM.Application", "{AB8832DB-6915-4F4B-81D1-00DFF00806AD}"
EndProject
Project("{FAE04EC0-301F-11D3-BF4B-00C04F79EFBC}") = "AccountManagement.Application.Contracts", "AccountManagement.Application.Contracts\AccountManagement.Application.Contracts.csproj", "{35C73EDA-1857-45BB-8EE9-EFB8399B366E}"
EndProject
Project("{FAE04EC0-301F-11D3-BF4B-00C04F79EFBC}") = "AccountManagement.Application", "AccountManagement.Application\AccountManagement.Application.csproj", "{A5E00E53-B7AC-40A0-9D46-F779F90A3DC6}"
EndProject
Project("{2150E333-8FDC-42A3-9474-1A3956D46DE8}") = "AM.Infrastructure", "AM.Infrastructure", "{014CD5F8-E03A-4C74-A944-8064A384B66F}"
EndProject
Project("{FAE04EC0-301F-11D3-BF4B-00C04F79EFBC}") = "AccountManagement.Infrastructure.EFCore", "AccountManagement.Infrastructure.EFCore\AccountManagement.Infrastructure.EFCore.csproj", "{719F59F3-6762-4993-B140-B4F3D4EB21AD}"
EndProject
Project("{FAE04EC0-301F-11D3-BF4B-00C04F79EFBC}") = "AccountManagement.Configuration", "AccountManagement.Configuration\AccountManagement.Configuration.csproj", "{977033A9-1CC4-41D3-8E3C-7131712D7EE1}"
EndProject
Project("{FAE04EC0-301F-11D3-BF4B-00C04F79EFBC}") = "ShopManagement.Infrastructure.InventoryAcl", "ShopManagement.Infrastructure.InventoryAcl\ShopManagement.Infrastructure.InventoryAcl.csproj", "{F2CDD1C4-315C-43BA-80F8-C5F3DEABF19B}"
EndProject
Project("{2150E333-8FDC-42A3-9474-1A3956D46DE8}") = "SM.Presentation", "SM.Presentation", "{8B867E1E-63F9-4193-9A6C-166896B7D119}"
EndProject
Project("{FAE04EC0-301F-11D3-BF4B-00C04F79EFBC}") = "ShopManagement.Presentation.Api", "ShopManagement.Presentation.Api\ShopManagement.Presentation.Api.csproj", "{A8722947-B202-4D6D-9FD2-54E74FF5F56E}"
EndProject
Project("{2150E333-8FDC-42A3-9474-1A3956D46DE8}") = "IM.Presentation", "IM.Presentation", "{18C1D088-5E4B-4AA0-B9E4-1F7E43AEA435}"
EndProject
Project("{FAE04EC0-301F-11D3-BF4B-00C04F79EFBC}") = "InventoryManagement.Presentation.Api", "InventoryManagement.Presentation.Api\InventoryManagement.Presentation.Api.csproj", "{AE9DA5F5-75B5-487B-ACC1-4494D6B0FF9B}"
EndProject
Project("{FAE04EC0-301F-11D3-BF4B-00C04F79EFBC}") = "CommentManagement.Configuration", "CommentManagement.Configuration\CommentManagement.Configuration.csproj", "{32766B7B-ECDE-499C-854D-CEAA1A2873B1}"
EndProject
Project("{FAE04EC0-301F-11D3-BF4B-00C04F79EFBC}") = "BlogManagement.Configuration", "BlogManagement.Configuration\BlogManagement.Configuration.csproj", "{2A669EED-82D4-4681-899E-464CD2C141B0}"
EndProject
Global
	GlobalSection(SolutionConfigurationPlatforms) = preSolution
		Debug|Any CPU = Debug|Any CPU
		Release|Any CPU = Release|Any CPU
	EndGlobalSection
	GlobalSection(ProjectConfigurationPlatforms) = postSolution
		{3421272A-C3BF-451F-98E8-C18E2195F7DB}.Debug|Any CPU.ActiveCfg = Debug|Any CPU
		{3421272A-C3BF-451F-98E8-C18E2195F7DB}.Debug|Any CPU.Build.0 = Debug|Any CPU
		{3421272A-C3BF-451F-98E8-C18E2195F7DB}.Release|Any CPU.ActiveCfg = Release|Any CPU
		{3421272A-C3BF-451F-98E8-C18E2195F7DB}.Release|Any CPU.Build.0 = Release|Any CPU
		{7268A779-EA69-4760-A2A1-B825B59F90C8}.Debug|Any CPU.ActiveCfg = Debug|Any CPU
		{7268A779-EA69-4760-A2A1-B825B59F90C8}.Debug|Any CPU.Build.0 = Debug|Any CPU
		{7268A779-EA69-4760-A2A1-B825B59F90C8}.Release|Any CPU.ActiveCfg = Release|Any CPU
		{7268A779-EA69-4760-A2A1-B825B59F90C8}.Release|Any CPU.Build.0 = Release|Any CPU
		{7899153F-40C8-48BB-A889-1BD470CF7D29}.Debug|Any CPU.ActiveCfg = Debug|Any CPU
		{7899153F-40C8-48BB-A889-1BD470CF7D29}.Debug|Any CPU.Build.0 = Debug|Any CPU
		{7899153F-40C8-48BB-A889-1BD470CF7D29}.Release|Any CPU.ActiveCfg = Release|Any CPU
		{7899153F-40C8-48BB-A889-1BD470CF7D29}.Release|Any CPU.Build.0 = Release|Any CPU
		{C1EE0EFA-10D8-4860-851D-35D2AAA2C7B9}.Debug|Any CPU.ActiveCfg = Debug|Any CPU
		{C1EE0EFA-10D8-4860-851D-35D2AAA2C7B9}.Debug|Any CPU.Build.0 = Debug|Any CPU
		{C1EE0EFA-10D8-4860-851D-35D2AAA2C7B9}.Release|Any CPU.ActiveCfg = Release|Any CPU
		{C1EE0EFA-10D8-4860-851D-35D2AAA2C7B9}.Release|Any CPU.Build.0 = Release|Any CPU
		{FD27A889-D092-4EC8-9ADE-95C4AAFE604B}.Debug|Any CPU.ActiveCfg = Debug|Any CPU
		{FD27A889-D092-4EC8-9ADE-95C4AAFE604B}.Debug|Any CPU.Build.0 = Debug|Any CPU
		{FD27A889-D092-4EC8-9ADE-95C4AAFE604B}.Release|Any CPU.ActiveCfg = Release|Any CPU
		{FD27A889-D092-4EC8-9ADE-95C4AAFE604B}.Release|Any CPU.Build.0 = Release|Any CPU
		{7DF923D3-A748-4A32-8657-33F0F155A04E}.Debug|Any CPU.ActiveCfg = Debug|Any CPU
		{7DF923D3-A748-4A32-8657-33F0F155A04E}.Debug|Any CPU.Build.0 = Debug|Any CPU
		{7DF923D3-A748-4A32-8657-33F0F155A04E}.Release|Any CPU.ActiveCfg = Release|Any CPU
		{7DF923D3-A748-4A32-8657-33F0F155A04E}.Release|Any CPU.Build.0 = Release|Any CPU
		{F3ABB665-9F41-4B51-A146-54BB7695CCC9}.Debug|Any CPU.ActiveCfg = Debug|Any CPU
		{F3ABB665-9F41-4B51-A146-54BB7695CCC9}.Debug|Any CPU.Build.0 = Debug|Any CPU
		{F3ABB665-9F41-4B51-A146-54BB7695CCC9}.Release|Any CPU.ActiveCfg = Release|Any CPU
		{F3ABB665-9F41-4B51-A146-54BB7695CCC9}.Release|Any CPU.Build.0 = Release|Any CPU
		{FCFA25D0-6A07-4A25-B74C-454C786C8F81}.Debug|Any CPU.ActiveCfg = Debug|Any CPU
		{FCFA25D0-6A07-4A25-B74C-454C786C8F81}.Debug|Any CPU.Build.0 = Debug|Any CPU
		{FCFA25D0-6A07-4A25-B74C-454C786C8F81}.Release|Any CPU.ActiveCfg = Release|Any CPU
		{FCFA25D0-6A07-4A25-B74C-454C786C8F81}.Release|Any CPU.Build.0 = Release|Any CPU
		{0A942EE9-D297-44E5-BDEF-993751CDD98A}.Debug|Any CPU.ActiveCfg = Debug|Any CPU
		{0A942EE9-D297-44E5-BDEF-993751CDD98A}.Debug|Any CPU.Build.0 = Debug|Any CPU
		{0A942EE9-D297-44E5-BDEF-993751CDD98A}.Release|Any CPU.ActiveCfg = Release|Any CPU
		{0A942EE9-D297-44E5-BDEF-993751CDD98A}.Release|Any CPU.Build.0 = Release|Any CPU
		{E93926F2-CE2F-42C3-94A6-74441C9DF208}.Debug|Any CPU.ActiveCfg = Debug|Any CPU
		{E93926F2-CE2F-42C3-94A6-74441C9DF208}.Debug|Any CPU.Build.0 = Debug|Any CPU
		{E93926F2-CE2F-42C3-94A6-74441C9DF208}.Release|Any CPU.ActiveCfg = Release|Any CPU
		{E93926F2-CE2F-42C3-94A6-74441C9DF208}.Release|Any CPU.Build.0 = Release|Any CPU
		{30D35B47-684D-4334-BFAC-077A56AE7DCD}.Debug|Any CPU.ActiveCfg = Debug|Any CPU
		{30D35B47-684D-4334-BFAC-077A56AE7DCD}.Debug|Any CPU.Build.0 = Debug|Any CPU
		{30D35B47-684D-4334-BFAC-077A56AE7DCD}.Release|Any CPU.ActiveCfg = Release|Any CPU
		{30D35B47-684D-4334-BFAC-077A56AE7DCD}.Release|Any CPU.Build.0 = Release|Any CPU
		{F211F1D0-9690-492D-B4AB-E3C8B03DFDB0}.Debug|Any CPU.ActiveCfg = Debug|Any CPU
		{F211F1D0-9690-492D-B4AB-E3C8B03DFDB0}.Debug|Any CPU.Build.0 = Debug|Any CPU
		{F211F1D0-9690-492D-B4AB-E3C8B03DFDB0}.Release|Any CPU.ActiveCfg = Release|Any CPU
		{F211F1D0-9690-492D-B4AB-E3C8B03DFDB0}.Release|Any CPU.Build.0 = Release|Any CPU
		{129A3238-BF71-48D4-BB85-E2D552B0E7A8}.Debug|Any CPU.ActiveCfg = Debug|Any CPU
		{129A3238-BF71-48D4-BB85-E2D552B0E7A8}.Debug|Any CPU.Build.0 = Debug|Any CPU
		{129A3238-BF71-48D4-BB85-E2D552B0E7A8}.Release|Any CPU.ActiveCfg = Release|Any CPU
		{129A3238-BF71-48D4-BB85-E2D552B0E7A8}.Release|Any CPU.Build.0 = Release|Any CPU
		{5232204C-41E2-44D1-B632-B0C074F86EB5}.Debug|Any CPU.ActiveCfg = Debug|Any CPU
		{5232204C-41E2-44D1-B632-B0C074F86EB5}.Debug|Any CPU.Build.0 = Debug|Any CPU
		{5232204C-41E2-44D1-B632-B0C074F86EB5}.Release|Any CPU.ActiveCfg = Release|Any CPU
		{5232204C-41E2-44D1-B632-B0C074F86EB5}.Release|Any CPU.Build.0 = Release|Any CPU
		{DB0D03A7-0F66-4762-B215-26C40F889A24}.Debug|Any CPU.ActiveCfg = Debug|Any CPU
		{DB0D03A7-0F66-4762-B215-26C40F889A24}.Debug|Any CPU.Build.0 = Debug|Any CPU
		{DB0D03A7-0F66-4762-B215-26C40F889A24}.Release|Any CPU.ActiveCfg = Release|Any CPU
		{DB0D03A7-0F66-4762-B215-26C40F889A24}.Release|Any CPU.Build.0 = Release|Any CPU
		{5431EE09-7803-4D7B-80CF-92C2827308BC}.Debug|Any CPU.ActiveCfg = Debug|Any CPU
		{5431EE09-7803-4D7B-80CF-92C2827308BC}.Debug|Any CPU.Build.0 = Debug|Any CPU
		{5431EE09-7803-4D7B-80CF-92C2827308BC}.Release|Any CPU.ActiveCfg = Release|Any CPU
		{5431EE09-7803-4D7B-80CF-92C2827308BC}.Release|Any CPU.Build.0 = Release|Any CPU
		{328FD7D1-A909-4E59-83B0-3B83C47E91BC}.Debug|Any CPU.ActiveCfg = Debug|Any CPU
		{328FD7D1-A909-4E59-83B0-3B83C47E91BC}.Debug|Any CPU.Build.0 = Debug|Any CPU
		{328FD7D1-A909-4E59-83B0-3B83C47E91BC}.Release|Any CPU.ActiveCfg = Release|Any CPU
		{328FD7D1-A909-4E59-83B0-3B83C47E91BC}.Release|Any CPU.Build.0 = Release|Any CPU
		{97EE8AE6-8E8B-4367-A41D-700AB1446D83}.Debug|Any CPU.ActiveCfg = Debug|Any CPU
		{97EE8AE6-8E8B-4367-A41D-700AB1446D83}.Debug|Any CPU.Build.0 = Debug|Any CPU
		{97EE8AE6-8E8B-4367-A41D-700AB1446D83}.Release|Any CPU.ActiveCfg = Release|Any CPU
		{97EE8AE6-8E8B-4367-A41D-700AB1446D83}.Release|Any CPU.Build.0 = Release|Any CPU
		{0DA02442-2B13-46E8-9309-543620BFFF7C}.Debug|Any CPU.ActiveCfg = Debug|Any CPU
		{0DA02442-2B13-46E8-9309-543620BFFF7C}.Debug|Any CPU.Build.0 = Debug|Any CPU
		{0DA02442-2B13-46E8-9309-543620BFFF7C}.Release|Any CPU.ActiveCfg = Release|Any CPU
		{0DA02442-2B13-46E8-9309-543620BFFF7C}.Release|Any CPU.Build.0 = Release|Any CPU
		{42535E0C-27AB-443A-B293-49B9BFDB8511}.Debug|Any CPU.ActiveCfg = Debug|Any CPU
		{42535E0C-27AB-443A-B293-49B9BFDB8511}.Debug|Any CPU.Build.0 = Debug|Any CPU
		{42535E0C-27AB-443A-B293-49B9BFDB8511}.Release|Any CPU.ActiveCfg = Release|Any CPU
		{42535E0C-27AB-443A-B293-49B9BFDB8511}.Release|Any CPU.Build.0 = Release|Any CPU
		{33B20550-1AFA-44FA-B267-5AB628CA2F2A}.Debug|Any CPU.ActiveCfg = Debug|Any CPU
		{33B20550-1AFA-44FA-B267-5AB628CA2F2A}.Debug|Any CPU.Build.0 = Debug|Any CPU
		{33B20550-1AFA-44FA-B267-5AB628CA2F2A}.Release|Any CPU.ActiveCfg = Release|Any CPU
		{33B20550-1AFA-44FA-B267-5AB628CA2F2A}.Release|Any CPU.Build.0 = Release|Any CPU
		{62D867F0-6DD4-48DF-BBFB-FC2F5606DAC6}.Debug|Any CPU.ActiveCfg = Debug|Any CPU
		{62D867F0-6DD4-48DF-BBFB-FC2F5606DAC6}.Debug|Any CPU.Build.0 = Debug|Any CPU
		{62D867F0-6DD4-48DF-BBFB-FC2F5606DAC6}.Release|Any CPU.ActiveCfg = Release|Any CPU
		{62D867F0-6DD4-48DF-BBFB-FC2F5606DAC6}.Release|Any CPU.Build.0 = Release|Any CPU
		{6F9B1512-CBAE-4BFB-A0A1-9864C75CC422}.Debug|Any CPU.ActiveCfg = Debug|Any CPU
		{6F9B1512-CBAE-4BFB-A0A1-9864C75CC422}.Debug|Any CPU.Build.0 = Debug|Any CPU
		{6F9B1512-CBAE-4BFB-A0A1-9864C75CC422}.Release|Any CPU.ActiveCfg = Release|Any CPU
		{6F9B1512-CBAE-4BFB-A0A1-9864C75CC422}.Release|Any CPU.Build.0 = Release|Any CPU
		{293FA41B-426C-4122-8A0C-A3A3B187E611}.Debug|Any CPU.ActiveCfg = Debug|Any CPU
		{293FA41B-426C-4122-8A0C-A3A3B187E611}.Debug|Any CPU.Build.0 = Debug|Any CPU
		{293FA41B-426C-4122-8A0C-A3A3B187E611}.Release|Any CPU.ActiveCfg = Release|Any CPU
		{293FA41B-426C-4122-8A0C-A3A3B187E611}.Release|Any CPU.Build.0 = Release|Any CPU
		{C61EEAF9-F722-4468-AA21-158F64C113CB}.Debug|Any CPU.ActiveCfg = Debug|Any CPU
		{C61EEAF9-F722-4468-AA21-158F64C113CB}.Debug|Any CPU.Build.0 = Debug|Any CPU
		{C61EEAF9-F722-4468-AA21-158F64C113CB}.Release|Any CPU.ActiveCfg = Release|Any CPU
		{C61EEAF9-F722-4468-AA21-158F64C113CB}.Release|Any CPU.Build.0 = Release|Any CPU
		{93D0577E-82FB-4838-99D6-6EE1EB9F3C97}.Debug|Any CPU.ActiveCfg = Debug|Any CPU
		{93D0577E-82FB-4838-99D6-6EE1EB9F3C97}.Debug|Any CPU.Build.0 = Debug|Any CPU
		{93D0577E-82FB-4838-99D6-6EE1EB9F3C97}.Release|Any CPU.ActiveCfg = Release|Any CPU
		{93D0577E-82FB-4838-99D6-6EE1EB9F3C97}.Release|Any CPU.Build.0 = Release|Any CPU
		{D85B75D0-4450-41A0-9A00-40AD53B4671F}.Debug|Any CPU.ActiveCfg = Debug|Any CPU
		{D85B75D0-4450-41A0-9A00-40AD53B4671F}.Debug|Any CPU.Build.0 = Debug|Any CPU
		{D85B75D0-4450-41A0-9A00-40AD53B4671F}.Release|Any CPU.ActiveCfg = Release|Any CPU
		{D85B75D0-4450-41A0-9A00-40AD53B4671F}.Release|Any CPU.Build.0 = Release|Any CPU
		{35C73EDA-1857-45BB-8EE9-EFB8399B366E}.Debug|Any CPU.ActiveCfg = Debug|Any CPU
		{35C73EDA-1857-45BB-8EE9-EFB8399B366E}.Debug|Any CPU.Build.0 = Debug|Any CPU
		{35C73EDA-1857-45BB-8EE9-EFB8399B366E}.Release|Any CPU.ActiveCfg = Release|Any CPU
		{35C73EDA-1857-45BB-8EE9-EFB8399B366E}.Release|Any CPU.Build.0 = Release|Any CPU
		{A5E00E53-B7AC-40A0-9D46-F779F90A3DC6}.Debug|Any CPU.ActiveCfg = Debug|Any CPU
		{A5E00E53-B7AC-40A0-9D46-F779F90A3DC6}.Debug|Any CPU.Build.0 = Debug|Any CPU
		{A5E00E53-B7AC-40A0-9D46-F779F90A3DC6}.Release|Any CPU.ActiveCfg = Release|Any CPU
		{A5E00E53-B7AC-40A0-9D46-F779F90A3DC6}.Release|Any CPU.Build.0 = Release|Any CPU
		{719F59F3-6762-4993-B140-B4F3D4EB21AD}.Debug|Any CPU.ActiveCfg = Debug|Any CPU
		{719F59F3-6762-4993-B140-B4F3D4EB21AD}.Debug|Any CPU.Build.0 = Debug|Any CPU
		{719F59F3-6762-4993-B140-B4F3D4EB21AD}.Release|Any CPU.ActiveCfg = Release|Any CPU
		{719F59F3-6762-4993-B140-B4F3D4EB21AD}.Release|Any CPU.Build.0 = Release|Any CPU
		{977033A9-1CC4-41D3-8E3C-7131712D7EE1}.Debug|Any CPU.ActiveCfg = Debug|Any CPU
		{977033A9-1CC4-41D3-8E3C-7131712D7EE1}.Debug|Any CPU.Build.0 = Debug|Any CPU
		{977033A9-1CC4-41D3-8E3C-7131712D7EE1}.Release|Any CPU.ActiveCfg = Release|Any CPU
		{977033A9-1CC4-41D3-8E3C-7131712D7EE1}.Release|Any CPU.Build.0 = Release|Any CPU
		{F2CDD1C4-315C-43BA-80F8-C5F3DEABF19B}.Debug|Any CPU.ActiveCfg = Debug|Any CPU
		{F2CDD1C4-315C-43BA-80F8-C5F3DEABF19B}.Debug|Any CPU.Build.0 = Debug|Any CPU
		{F2CDD1C4-315C-43BA-80F8-C5F3DEABF19B}.Release|Any CPU.ActiveCfg = Release|Any CPU
		{F2CDD1C4-315C-43BA-80F8-C5F3DEABF19B}.Release|Any CPU.Build.0 = Release|Any CPU
		{A8722947-B202-4D6D-9FD2-54E74FF5F56E}.Debug|Any CPU.ActiveCfg = Debug|Any CPU
		{A8722947-B202-4D6D-9FD2-54E74FF5F56E}.Debug|Any CPU.Build.0 = Debug|Any CPU
		{A8722947-B202-4D6D-9FD2-54E74FF5F56E}.Release|Any CPU.ActiveCfg = Release|Any CPU
		{A8722947-B202-4D6D-9FD2-54E74FF5F56E}.Release|Any CPU.Build.0 = Release|Any CPU
		{AE9DA5F5-75B5-487B-ACC1-4494D6B0FF9B}.Debug|Any CPU.ActiveCfg = Debug|Any CPU
		{AE9DA5F5-75B5-487B-ACC1-4494D6B0FF9B}.Debug|Any CPU.Build.0 = Debug|Any CPU
		{AE9DA5F5-75B5-487B-ACC1-4494D6B0FF9B}.Release|Any CPU.ActiveCfg = Release|Any CPU
		{AE9DA5F5-75B5-487B-ACC1-4494D6B0FF9B}.Release|Any CPU.Build.0 = Release|Any CPU
		{32766B7B-ECDE-499C-854D-CEAA1A2873B1}.Debug|Any CPU.ActiveCfg = Debug|Any CPU
		{32766B7B-ECDE-499C-854D-CEAA1A2873B1}.Debug|Any CPU.Build.0 = Debug|Any CPU
		{32766B7B-ECDE-499C-854D-CEAA1A2873B1}.Release|Any CPU.ActiveCfg = Release|Any CPU
		{32766B7B-ECDE-499C-854D-CEAA1A2873B1}.Release|Any CPU.Build.0 = Release|Any CPU
		{2A669EED-82D4-4681-899E-464CD2C141B0}.Debug|Any CPU.ActiveCfg = Debug|Any CPU
		{2A669EED-82D4-4681-899E-464CD2C141B0}.Debug|Any CPU.Build.0 = Debug|Any CPU
		{2A669EED-82D4-4681-899E-464CD2C141B0}.Release|Any CPU.ActiveCfg = Release|Any CPU
		{2A669EED-82D4-4681-899E-464CD2C141B0}.Release|Any CPU.Build.0 = Release|Any CPU
	EndGlobalSection
	GlobalSection(SolutionProperties) = preSolution
		HideSolutionNode = FALSE
	EndGlobalSection
	GlobalSection(NestedProjects) = preSolution
		{7680B06C-25A8-4C92-8C85-88D2A6F99E02} = {9CAF2433-8D41-4708-974A-5059022579FB}
		{3421272A-C3BF-451F-98E8-C18E2195F7DB} = {7680B06C-25A8-4C92-8C85-88D2A6F99E02}
		{D6284806-424A-48E7-BB5C-6D098A46F31B} = {9CAF2433-8D41-4708-974A-5059022579FB}
		{7899153F-40C8-48BB-A889-1BD470CF7D29} = {D6284806-424A-48E7-BB5C-6D098A46F31B}
		{C1EE0EFA-10D8-4860-851D-35D2AAA2C7B9} = {D6284806-424A-48E7-BB5C-6D098A46F31B}
		{0B094472-DCE5-4597-8CAE-09E6A8F8E91F} = {9CAF2433-8D41-4708-974A-5059022579FB}
		{FD27A889-D092-4EC8-9ADE-95C4AAFE604B} = {0B094472-DCE5-4597-8CAE-09E6A8F8E91F}
		{7DF923D3-A748-4A32-8657-33F0F155A04E} = {0B094472-DCE5-4597-8CAE-09E6A8F8E91F}
		{7F028D8A-3D51-4913-BBCC-96FC46C32D68} = {E5B3A936-EB67-4FCC-A7A2-9F2E7EB5CC67}
		{65539750-B995-4A38-80FB-B3B4FC1D5311} = {E5B3A936-EB67-4FCC-A7A2-9F2E7EB5CC67}
		{FA6956AE-59A3-44F7-90EB-923C0582E459} = {E5B3A936-EB67-4FCC-A7A2-9F2E7EB5CC67}
		{0A942EE9-D297-44E5-BDEF-993751CDD98A} = {7F028D8A-3D51-4913-BBCC-96FC46C32D68}
		{E93926F2-CE2F-42C3-94A6-74441C9DF208} = {65539750-B995-4A38-80FB-B3B4FC1D5311}
		{30D35B47-684D-4334-BFAC-077A56AE7DCD} = {FA6956AE-59A3-44F7-90EB-923C0582E459}
		{F211F1D0-9690-492D-B4AB-E3C8B03DFDB0} = {FA6956AE-59A3-44F7-90EB-923C0582E459}
		{1FD15CEC-596F-4AC4-9A58-8A322A1AC27A} = {02EA681E-C7D8-13C7-8484-4AC65E1B71E8}
		{129A3238-BF71-48D4-BB85-E2D552B0E7A8} = {1FD15CEC-596F-4AC4-9A58-8A322A1AC27A}
		{4C9A1D84-3680-414B-8F15-D876DDE7CED6} = {02EA681E-C7D8-13C7-8484-4AC65E1B71E8}
		{5232204C-41E2-44D1-B632-B0C074F86EB5} = {4C9A1D84-3680-414B-8F15-D876DDE7CED6}
		{DB0D03A7-0F66-4762-B215-26C40F889A24} = {4C9A1D84-3680-414B-8F15-D876DDE7CED6}
		{5431EE09-7803-4D7B-80CF-92C2827308BC} = {65539750-B995-4A38-80FB-B3B4FC1D5311}
		{68BC7B1C-8901-442B-95A6-3C69FE6B3C9F} = {02EA681E-C7D8-13C7-8484-4AC65E1B71E8}
		{328FD7D1-A909-4E59-83B0-3B83C47E91BC} = {68BC7B1C-8901-442B-95A6-3C69FE6B3C9F}
		{97EE8AE6-8E8B-4367-A41D-700AB1446D83} = {68BC7B1C-8901-442B-95A6-3C69FE6B3C9F}
		{997D7C70-8296-4379-8B51-1F86E43AEFAC} = {29454693-F4FB-4C90-B062-50D93D0E5365}
		{7F918E9E-5B48-462B-A617-215FCECBD124} = {29454693-F4FB-4C90-B062-50D93D0E5365}
		{635973EE-AF6E-4A2F-B562-19653AEB4D30} = {29454693-F4FB-4C90-B062-50D93D0E5365}
		{0DA02442-2B13-46E8-9309-543620BFFF7C} = {997D7C70-8296-4379-8B51-1F86E43AEFAC}
		{42535E0C-27AB-443A-B293-49B9BFDB8511} = {7F918E9E-5B48-462B-A617-215FCECBD124}
		{33B20550-1AFA-44FA-B267-5AB628CA2F2A} = {7F918E9E-5B48-462B-A617-215FCECBD124}
		{62D867F0-6DD4-48DF-BBFB-FC2F5606DAC6} = {635973EE-AF6E-4A2F-B562-19653AEB4D30}
		{A71B49E1-CAE0-4A7D-8DA6-40A10E2A1937} = {FF1C497C-3E46-4039-B8F6-55457E5A1E88}
		{CC44C351-51CA-4E18-86EE-9FD56DBFA1C7} = {FF1C497C-3E46-4039-B8F6-55457E5A1E88}
		{D3CF6BD8-A322-4B5C-9BD8-3899B9B1F82F} = {FF1C497C-3E46-4039-B8F6-55457E5A1E88}
		{6F9B1512-CBAE-4BFB-A0A1-9864C75CC422} = {A71B49E1-CAE0-4A7D-8DA6-40A10E2A1937}
		{293FA41B-426C-4122-8A0C-A3A3B187E611} = {CC44C351-51CA-4E18-86EE-9FD56DBFA1C7}
		{C61EEAF9-F722-4468-AA21-158F64C113CB} = {CC44C351-51CA-4E18-86EE-9FD56DBFA1C7}
		{93D0577E-82FB-4838-99D6-6EE1EB9F3C97} = {D3CF6BD8-A322-4B5C-9BD8-3899B9B1F82F}
		{E626204B-8B32-42EB-BBF6-3775A8F1A635} = {1810B8E6-E568-4060-BFAA-F2882528CC8A}
		{D85B75D0-4450-41A0-9A00-40AD53B4671F} = {E626204B-8B32-42EB-BBF6-3775A8F1A635}
		{AB8832DB-6915-4F4B-81D1-00DFF00806AD} = {1810B8E6-E568-4060-BFAA-F2882528CC8A}
		{35C73EDA-1857-45BB-8EE9-EFB8399B366E} = {AB8832DB-6915-4F4B-81D1-00DFF00806AD}
		{A5E00E53-B7AC-40A0-9D46-F779F90A3DC6} = {AB8832DB-6915-4F4B-81D1-00DFF00806AD}
		{014CD5F8-E03A-4C74-A944-8064A384B66F} = {1810B8E6-E568-4060-BFAA-F2882528CC8A}
		{719F59F3-6762-4993-B140-B4F3D4EB21AD} = {014CD5F8-E03A-4C74-A944-8064A384B66F}
		{977033A9-1CC4-41D3-8E3C-7131712D7EE1} = {014CD5F8-E03A-4C74-A944-8064A384B66F}
		{F2CDD1C4-315C-43BA-80F8-C5F3DEABF19B} = {0B094472-DCE5-4597-8CAE-09E6A8F8E91F}
		{8B867E1E-63F9-4193-9A6C-166896B7D119} = {9CAF2433-8D41-4708-974A-5059022579FB}
		{A8722947-B202-4D6D-9FD2-54E74FF5F56E} = {8B867E1E-63F9-4193-9A6C-166896B7D119}
		{18C1D088-5E4B-4AA0-B9E4-1F7E43AEA435} = {02EA681E-C7D8-13C7-8484-4AC65E1B71E8}
		{AE9DA5F5-75B5-487B-ACC1-4494D6B0FF9B} = {18C1D088-5E4B-4AA0-B9E4-1F7E43AEA435}
		{32766B7B-ECDE-499C-854D-CEAA1A2873B1} = {635973EE-AF6E-4A2F-B562-19653AEB4D30}
		{2A669EED-82D4-4681-899E-464CD2C141B0} = {D3CF6BD8-A322-4B5C-9BD8-3899B9B1F82F}
	EndGlobalSection
	GlobalSection(ExtensibilityGlobals) = postSolution
		SolutionGuid = {4BEAFA68-CE9B-4DFA-BB99-36BB668DC0B6}
	EndGlobalSection
EndGlobal
